
Microsoft Visual Studio Solution File, Format Version 12.00
# Visual Studio 2012
Project("{E24C65DC-7377-472B-9ABA-BC803B73C61A}") = "Week04nj", "http://localhost:44948", "{8E880E61-C031-4BEF-BBB4-53DFAAA7C33C}"
	ProjectSection(WebsiteProperties) = preProject
		UseIISExpress = "true"
		TargetFrameworkMoniker = ".NETFramework,Version%3Dv4.5"
		Debug.AspNetCompiler.VirtualPath = "/localhost_44948"
		Debug.AspNetCompiler.PhysicalPath = "..\Week04nj\"
		Debug.AspNetCompiler.TargetPath = "PrecompiledWeb\localhost_44948\"
		Debug.AspNetCompiler.Updateable = "true"
		Debug.AspNetCompiler.ForceOverwrite = "true"
		Debug.AspNetCompiler.FixedNames = "false"
		Debug.AspNetCompiler.Debug = "True"
		Release.AspNetCompiler.VirtualPath = "/localhost_44948"
		Release.AspNetCompiler.PhysicalPath = "..\Week04nj\"
		Release.AspNetCompiler.TargetPath = "PrecompiledWeb\localhost_44948\"
		Release.AspNetCompiler.Updateable = "true"
		Release.AspNetCompiler.ForceOverwrite = "true"
		Release.AspNetCompiler.FixedNames = "false"
		Release.AspNetCompiler.Debug = "False"
		SlnRelativePath = "..\Week04nj\"
		DefaultWebSiteLanguage = "Visual Basic"
	EndProjectSection
EndProject
Global
	GlobalSection(SolutionConfigurationPlatforms) = preSolution
		Debug|Any CPU = Debug|Any CPU
	EndGlobalSection
	GlobalSection(ProjectConfigurationPlatforms) = postSolution
		{8E880E61-C031-4BEF-BBB4-53DFAAA7C33C}.Debug|Any CPU.ActiveCfg = Debug|Any CPU
		{8E880E61-C031-4BEF-BBB4-53DFAAA7C33C}.Debug|Any CPU.Build.0 = Debug|Any CPU
	EndGlobalSection
	GlobalSection(SolutionProperties) = preSolution
		HideSolutionNode = FALSE
	EndGlobalSection
EndGlobal
